
Microsoft Visual Studio Solution File, Format Version 12.00
# Visual Studio Version 17
VisualStudioVersion = 17.1.32421.90
MinimumVisualStudioVersion = 10.0.40219.1
Project("{FAE04EC0-301F-11D3-BF4B-00C04F79EFBC}") = "CeramicProducts", "CeramicProducts\CeramicProducts.csproj", "{53DAC778-E73D-49E5-AD51-B69CCF016B52}"
EndProject
Global
	GlobalSection(SolutionConfigurationPlatforms) = preSolution
		Debug|Any CPU = Debug|Any CPU
		Release|Any CPU = Release|Any CPU
	EndGlobalSection
	GlobalSection(ProjectConfigurationPlatforms) = postSolution
		{53DAC778-E73D-49E5-AD51-B69CCF016B52}.Debug|Any CPU.ActiveCfg = Debug|Any CPU
		{53DAC778-E73D-49E5-AD51-B69CCF016B52}.Debug|Any CPU.Build.0 = Debug|Any CPU
		{53DAC778-E73D-49E5-AD51-B69CCF016B52}.Release|Any CPU.ActiveCfg = Release|Any CPU
		{53DAC778-E73D-49E5-AD51-B69CCF016B52}.Release|Any CPU.Build.0 = Release|Any CPU
	EndGlobalSection
	GlobalSection(SolutionProperties) = preSolution
		HideSolutionNode = FALSE
	EndGlobalSection
	GlobalSection(ExtensibilityGlobals) = postSolution
		SolutionGuid = {DBED652A-2C5F-49F0-863A-0FE40BEC3898}
	EndGlobalSection
EndGlobal
